
Microsoft Visual Studio Solution File, Format Version 12.00
# Visual Studio Version 17
VisualStudioVersion = 17.14.36511.14 d17.14
MinimumVisualStudioVersion = 10.0.40219.1
Project("{FAE04EC0-301F-11D3-BF4B-00C04F79EFBC}") = "bairos-luka-a1-interactiveterminal", "bairos-luka-a1-interactiveterminal.csproj", "{1D9F804C-CA9C-4DB3-BC65-6944370989EB}"
EndProject
Global
	GlobalSection(SolutionConfigurationPlatforms) = preSolution
		Debug|Any CPU = Debug|Any CPU
		Release|Any CPU = Release|Any CPU
	EndGlobalSection
	GlobalSection(ProjectConfigurationPlatforms) = postSolution
		{1D9F804C-CA9C-4DB3-BC65-6944370989EB}.Debug|Any CPU.ActiveCfg = Debug|Any CPU
		{1D9F804C-CA9C-4DB3-BC65-6944370989EB}.Debug|Any CPU.Build.0 = Debug|Any CPU
		{1D9F804C-CA9C-4DB3-BC65-6944370989EB}.Release|Any CPU.ActiveCfg = Release|Any CPU
		{1D9F804C-CA9C-4DB3-BC65-6944370989EB}.Release|Any CPU.Build.0 = Release|Any CPU
	EndGlobalSection
	GlobalSection(SolutionProperties) = preSolution
		HideSolutionNode = FALSE
	EndGlobalSection
	GlobalSection(ExtensibilityGlobals) = postSolution
		SolutionGuid = {DB849D71-4D7D-4603-8E54-06F6CB4EBD06}
	EndGlobalSection
EndGlobal
